// !$*UTF8*$!
{
	archiveVersion = 1;
	classes = {
	};
	objectVersion = 56;
	objects = {

/* Begin PBXBuildFile section */
		8CAE315A2CAD4A7000390481 /* AppDelegate.swift in Sources */ = {isa = PBXBuildFile; fileRef = 8CAE31592CAD4A7000390481 /* AppDelegate.swift */; };
		8CAE315C2CAD4A7000390481 /* SceneDelegate.swift in Sources */ = {isa = PBXBuildFile; fileRef = 8CAE315B2CAD4A7000390481 /* SceneDelegate.swift */; };
		8CAE31612CAD4A7000390481 /* Base in Resources */ = {isa = PBXBuildFile; fileRef = 8CAE31602CAD4A7000390481 /* Base */; };
		8CAE31632CAD4A7100390481 /* Assets.xcassets in Resources */ = {isa = PBXBuildFile; fileRef = 8CAE31622CAD4A7100390481 /* Assets.xcassets */; };
		8CAE31662CAD4A7100390481 /* Base in Resources */ = {isa = PBXBuildFile; fileRef = 8CAE31652CAD4A7100390481 /* Base */; };
		8CAE317B2CAD4A7100390481 /* EdamamRecipesUITests.swift in Sources */ = {isa = PBXBuildFile; fileRef = 8CAE317A2CAD4A7100390481 /* EdamamRecipesUITests.swift */; };
		8CAE318B2CAD786F00390481 /* Router.swift in Sources */ = {isa = PBXBuildFile; fileRef = 8CAE318A2CAD786F00390481 /* Router.swift */; };
		8CAE318F2CAD79CF00390481 /* APIClient.swift in Sources */ = {isa = PBXBuildFile; fileRef = 8CAE318E2CAD79CF00390481 /* APIClient.swift */; };
		8CAE31952CADBA9F00390481 /* ImageDownloader.swift in Sources */ = {isa = PBXBuildFile; fileRef = 8CAE31942CADBA9F00390481 /* ImageDownloader.swift */; };
		8CAE31992CADBCE800390481 /* RecipeCollectionViewCell.swift in Sources */ = {isa = PBXBuildFile; fileRef = 8CAE31972CADBCE800390481 /* RecipeCollectionViewCell.swift */; };
		8CAE319C2CAE975900390481 /* RecipeListCollectionViewController.swift in Sources */ = {isa = PBXBuildFile; fileRef = 8CAE319B2CAE975900390481 /* RecipeListCollectionViewController.swift */; };
		8CAE31A82CAEE83800390481 /* RecipeListCollectionViewController.xib in Resources */ = {isa = PBXBuildFile; fileRef = 8CAE31A72CAEE83800390481 /* RecipeListCollectionViewController.xib */; };
		8CAE31AB2CAF2C4B00390481 /* UIViewController+Alert.swift in Sources */ = {isa = PBXBuildFile; fileRef = 8CAE31AA2CAF2C4B00390481 /* UIViewController+Alert.swift */; };
		8CAE31AE2CAFE14F00390481 /* RecipeCellViewModel.swift in Sources */ = {isa = PBXBuildFile; fileRef = 8CAE31AD2CAFE14F00390481 /* RecipeCellViewModel.swift */; };
		8CAE31B02CAFE1CA00390481 /* RecipeListViewModel.swift in Sources */ = {isa = PBXBuildFile; fileRef = 8CAE31AF2CAFE1CA00390481 /* RecipeListViewModel.swift */; };
		8CAE31B22CAFE21A00390481 /* APIError.swift in Sources */ = {isa = PBXBuildFile; fileRef = 8CAE31B12CAFE21A00390481 /* APIError.swift */; };
		8CAE31B52CAFE27300390481 /* WebResponse.swift in Sources */ = {isa = PBXBuildFile; fileRef = 8CAE31B42CAFE27300390481 /* WebResponse.swift */; };
		8CAE31B72CAFE28D00390481 /* Hit.swift in Sources */ = {isa = PBXBuildFile; fileRef = 8CAE31B62CAFE28D00390481 /* Hit.swift */; };
		8CAE31B92CAFE2C600390481 /* Recipe.swift in Sources */ = {isa = PBXBuildFile; fileRef = 8CAE31B82CAFE2C600390481 /* Recipe.swift */; };
		8CAE31BB2CAFE2E200390481 /* Links.swift in Sources */ = {isa = PBXBuildFile; fileRef = 8CAE31BA2CAFE2E200390481 /* Links.swift */; };
		8CAE31BD2CAFE2F300390481 /* Next.swift in Sources */ = {isa = PBXBuildFile; fileRef = 8CAE31BC2CAFE2F300390481 /* Next.swift */; };
		8CAE31BF2CAFE34000390481 /* Endpoint.swift in Sources */ = {isa = PBXBuildFile; fileRef = 8CAE31BE2CAFE34000390481 /* Endpoint.swift */; };
		8CAE31C12CAFE5CF00390481 /* MockAPIClient.swift in Sources */ = {isa = PBXBuildFile; fileRef = 8CAE31C02CAFE5CF00390481 /* MockAPIClient.swift */; };
		8CAE31C22CAFE63200390481 /* APIClient.swift in Sources */ = {isa = PBXBuildFile; fileRef = 8CAE318E2CAD79CF00390481 /* APIClient.swift */; };
		8CAE31C32CAFE63C00390481 /* Endpoint.swift in Sources */ = {isa = PBXBuildFile; fileRef = 8CAE31BE2CAFE34000390481 /* Endpoint.swift */; };
		8CAE31C42CAFE64400390481 /* APIError.swift in Sources */ = {isa = PBXBuildFile; fileRef = 8CAE31B12CAFE21A00390481 /* APIError.swift */; };
		8CAE31C62CAFE66600390481 /* MockURLSession.swift in Sources */ = {isa = PBXBuildFile; fileRef = 8CAE31C52CAFE66600390481 /* MockURLSession.swift */; };
		8CAE31C82CAFE6DD00390481 /* APIClientTests.swift in Sources */ = {isa = PBXBuildFile; fileRef = 8CAE31C72CAFE6DD00390481 /* APIClientTests.swift */; };
		8CC045E22CB2F4E300B6DF67 /* DiskImageCacher.swift in Sources */ = {isa = PBXBuildFile; fileRef = 8CC045E12CB2F4E300B6DF67 /* DiskImageCacher.swift */; };
/* End PBXBuildFile section */

/* Begin PBXContainerItemProxy section */
		8CAE316D2CAD4A7100390481 /* PBXContainerItemProxy */ = {
			isa = PBXContainerItemProxy;
			containerPortal = 8CAE314E2CAD4A7000390481 /* Project object */;
			proxyType = 1;
			remoteGlobalIDString = 8CAE31552CAD4A7000390481;
			remoteInfo = EdamamRecipes;
		};
		8CAE31772CAD4A7100390481 /* PBXContainerItemProxy */ = {
			isa = PBXContainerItemProxy;
			containerPortal = 8CAE314E2CAD4A7000390481 /* Project object */;
			proxyType = 1;
			remoteGlobalIDString = 8CAE31552CAD4A7000390481;
			remoteInfo = EdamamRecipes;
		};
/* End PBXContainerItemProxy section */

/* Begin PBXFileReference section */
		8CAE31562CAD4A7000390481 /* EdamamRecipes.app */ = {isa = PBXFileReference; explicitFileType = wrapper.application; includeInIndex = 0; path = EdamamRecipes.app; sourceTree = BUILT_PRODUCTS_DIR; };
		8CAE31592CAD4A7000390481 /* AppDelegate.swift */ = {isa = PBXFileReference; lastKnownFileType = sourcecode.swift; path = AppDelegate.swift; sourceTree = "<group>"; };
		8CAE315B2CAD4A7000390481 /* SceneDelegate.swift */ = {isa = PBXFileReference; lastKnownFileType = sourcecode.swift; path = SceneDelegate.swift; sourceTree = "<group>"; };
		8CAE31602CAD4A7000390481 /* Base */ = {isa = PBXFileReference; lastKnownFileType = file.storyboard; name = Base; path = Base.lproj/Main.storyboard; sourceTree = "<group>"; };
		8CAE31622CAD4A7100390481 /* Assets.xcassets */ = {isa = PBXFileReference; lastKnownFileType = folder.assetcatalog; path = Assets.xcassets; sourceTree = "<group>"; };
		8CAE31652CAD4A7100390481 /* Base */ = {isa = PBXFileReference; lastKnownFileType = file.storyboard; name = Base; path = Base.lproj/LaunchScreen.storyboard; sourceTree = "<group>"; };
		8CAE31672CAD4A7100390481 /* Info.plist */ = {isa = PBXFileReference; lastKnownFileType = text.plist.xml; path = Info.plist; sourceTree = "<group>"; };
		8CAE316C2CAD4A7100390481 /* EdamamRecipesTests.xctest */ = {isa = PBXFileReference; explicitFileType = wrapper.cfbundle; includeInIndex = 0; path = EdamamRecipesTests.xctest; sourceTree = BUILT_PRODUCTS_DIR; };
		8CAE31762CAD4A7100390481 /* EdamamRecipesUITests.xctest */ = {isa = PBXFileReference; explicitFileType = wrapper.cfbundle; includeInIndex = 0; path = EdamamRecipesUITests.xctest; sourceTree = BUILT_PRODUCTS_DIR; };
		8CAE317A2CAD4A7100390481 /* EdamamRecipesUITests.swift */ = {isa = PBXFileReference; lastKnownFileType = sourcecode.swift; path = EdamamRecipesUITests.swift; sourceTree = "<group>"; };
		8CAE318A2CAD786F00390481 /* Router.swift */ = {isa = PBXFileReference; lastKnownFileType = sourcecode.swift; path = Router.swift; sourceTree = "<group>"; };
		8CAE318E2CAD79CF00390481 /* APIClient.swift */ = {isa = PBXFileReference; lastKnownFileType = sourcecode.swift; path = APIClient.swift; sourceTree = "<group>"; };
		8CAE31942CADBA9F00390481 /* ImageDownloader.swift */ = {isa = PBXFileReference; lastKnownFileType = sourcecode.swift; path = ImageDownloader.swift; sourceTree = "<group>"; };
		8CAE31972CADBCE800390481 /* RecipeCollectionViewCell.swift */ = {isa = PBXFileReference; lastKnownFileType = sourcecode.swift; path = RecipeCollectionViewCell.swift; sourceTree = "<group>"; };
		8CAE319B2CAE975900390481 /* RecipeListCollectionViewController.swift */ = {isa = PBXFileReference; lastKnownFileType = sourcecode.swift; path = RecipeListCollectionViewController.swift; sourceTree = "<group>"; };
		8CAE31A72CAEE83800390481 /* RecipeListCollectionViewController.xib */ = {isa = PBXFileReference; lastKnownFileType = file.xib; path = RecipeListCollectionViewController.xib; sourceTree = "<group>"; };
		8CAE31AA2CAF2C4B00390481 /* UIViewController+Alert.swift */ = {isa = PBXFileReference; lastKnownFileType = sourcecode.swift; path = "UIViewController+Alert.swift"; sourceTree = "<group>"; };
		8CAE31AD2CAFE14F00390481 /* RecipeCellViewModel.swift */ = {isa = PBXFileReference; lastKnownFileType = sourcecode.swift; path = RecipeCellViewModel.swift; sourceTree = "<group>"; };
		8CAE31AF2CAFE1CA00390481 /* RecipeListViewModel.swift */ = {isa = PBXFileReference; lastKnownFileType = sourcecode.swift; path = RecipeListViewModel.swift; sourceTree = "<group>"; };
		8CAE31B12CAFE21A00390481 /* APIError.swift */ = {isa = PBXFileReference; lastKnownFileType = sourcecode.swift; path = APIError.swift; sourceTree = "<group>"; };
		8CAE31B42CAFE27300390481 /* WebResponse.swift */ = {isa = PBXFileReference; lastKnownFileType = sourcecode.swift; path = WebResponse.swift; sourceTree = "<group>"; };
		8CAE31B62CAFE28D00390481 /* Hit.swift */ = {isa = PBXFileReference; lastKnownFileType = sourcecode.swift; path = Hit.swift; sourceTree = "<group>"; };
		8CAE31B82CAFE2C600390481 /* Recipe.swift */ = {isa = PBXFileReference; lastKnownFileType = sourcecode.swift; path = Recipe.swift; sourceTree = "<group>"; };
		8CAE31BA2CAFE2E200390481 /* Links.swift */ = {isa = PBXFileReference; lastKnownFileType = sourcecode.swift; path = Links.swift; sourceTree = "<group>"; };
		8CAE31BC2CAFE2F300390481 /* Next.swift */ = {isa = PBXFileReference; lastKnownFileType = sourcecode.swift; path = Next.swift; sourceTree = "<group>"; };
		8CAE31BE2CAFE34000390481 /* Endpoint.swift */ = {isa = PBXFileReference; lastKnownFileType = sourcecode.swift; path = Endpoint.swift; sourceTree = "<group>"; };
		8CAE31C02CAFE5CF00390481 /* MockAPIClient.swift */ = {isa = PBXFileReference; lastKnownFileType = sourcecode.swift; path = MockAPIClient.swift; sourceTree = "<group>"; };
		8CAE31C52CAFE66600390481 /* MockURLSession.swift */ = {isa = PBXFileReference; lastKnownFileType = sourcecode.swift; path = MockURLSession.swift; sourceTree = "<group>"; };
		8CAE31C72CAFE6DD00390481 /* APIClientTests.swift */ = {isa = PBXFileReference; lastKnownFileType = sourcecode.swift; path = APIClientTests.swift; sourceTree = "<group>"; };
		8CC045E12CB2F4E300B6DF67 /* DiskImageCacher.swift */ = {isa = PBXFileReference; lastKnownFileType = sourcecode.swift; path = DiskImageCacher.swift; sourceTree = "<group>"; };
/* End PBXFileReference section */

/* Begin PBXFrameworksBuildPhase section */
		8CAE31532CAD4A7000390481 /* Frameworks */ = {
			isa = PBXFrameworksBuildPhase;
			buildActionMask = 2147483647;
			files = (
			);
			runOnlyForDeploymentPostprocessing = 0;
		};
		8CAE31692CAD4A7100390481 /* Frameworks */ = {
			isa = PBXFrameworksBuildPhase;
			buildActionMask = 2147483647;
			files = (
			);
			runOnlyForDeploymentPostprocessing = 0;
		};
		8CAE31732CAD4A7100390481 /* Frameworks */ = {
			isa = PBXFrameworksBuildPhase;
			buildActionMask = 2147483647;
			files = (
			);
			runOnlyForDeploymentPostprocessing = 0;
		};
/* End PBXFrameworksBuildPhase section */

/* Begin PBXGroup section */
		8CAE314D2CAD4A7000390481 = {
			isa = PBXGroup;
			children = (
				8CAE31582CAD4A7000390481 /* EdamamRecipes */,
				8CAE316F2CAD4A7100390481 /* EdamamRecipesTests */,
				8CAE31792CAD4A7100390481 /* EdamamRecipesUITests */,
				8CAE31572CAD4A7000390481 /* Products */,
			);
			sourceTree = "<group>";
		};
		8CAE31572CAD4A7000390481 /* Products */ = {
			isa = PBXGroup;
			children = (
				8CAE31562CAD4A7000390481 /* EdamamRecipes.app */,
				8CAE316C2CAD4A7100390481 /* EdamamRecipesTests.xctest */,
				8CAE31762CAD4A7100390481 /* EdamamRecipesUITests.xctest */,
			);
			name = Products;
			sourceTree = "<group>";
		};
		8CAE31582CAD4A7000390481 /* EdamamRecipes */ = {
			isa = PBXGroup;
			children = (
				8CAE31592CAD4A7000390481 /* AppDelegate.swift */,
				8CAE31622CAD4A7100390481 /* Assets.xcassets */,
				8CAE31A92CAF2C2E00390481 /* Extensions */,
				8CAE31932CADBA8A00390481 /* ImageDownloader */,
				8CAE31672CAD4A7100390481 /* Info.plist */,
				8CAE31642CAD4A7100390481 /* LaunchScreen.storyboard */,
				8CAE315F2CAD4A7000390481 /* Main.storyboard */,
				8CAE31B32CAFE25500390481 /* Models */,
				8CAE318C2CAD790700390481 /* NetworkManager */,
				8CAE31892CAD786100390481 /* Router */,
				8CAE315B2CAD4A7000390481 /* SceneDelegate.swift */,
				8CAE31AC2CAFE13B00390481 /* ViewModels */,
				8CAE31962CADBC6300390481 /* Views */,
			);
			path = EdamamRecipes;
			sourceTree = "<group>";
		};
		8CAE316F2CAD4A7100390481 /* EdamamRecipesTests */ = {
			isa = PBXGroup;
			children = (
				8CAE31C72CAFE6DD00390481 /* APIClientTests.swift */,
				8CAE31C02CAFE5CF00390481 /* MockAPIClient.swift */,
				8CAE31C52CAFE66600390481 /* MockURLSession.swift */,
			);
			path = EdamamRecipesTests;
			sourceTree = "<group>";
		};
		8CAE31792CAD4A7100390481 /* EdamamRecipesUITests */ = {
			isa = PBXGroup;
			children = (
				8CAE317A2CAD4A7100390481 /* EdamamRecipesUITests.swift */,
			);
			path = EdamamRecipesUITests;
			sourceTree = "<group>";
		};
		8CAE31892CAD786100390481 /* Router */ = {
			isa = PBXGroup;
			children = (
				8CAE318A2CAD786F00390481 /* Router.swift */,
			);
			path = Router;
			sourceTree = "<group>";
		};
		8CAE318C2CAD790700390481 /* NetworkManager */ = {
			isa = PBXGroup;
			children = (
				8CAE318E2CAD79CF00390481 /* APIClient.swift */,
				8CAE31B12CAFE21A00390481 /* APIError.swift */,
				8CAE31BE2CAFE34000390481 /* Endpoint.swift */,
			);
			path = NetworkManager;
			sourceTree = "<group>";
		};
		8CAE31932CADBA8A00390481 /* ImageDownloader */ = {
			isa = PBXGroup;
			children = (
				8CC045E12CB2F4E300B6DF67 /* DiskImageCacher.swift */,
				8CAE31942CADBA9F00390481 /* ImageDownloader.swift */,
			);
			path = ImageDownloader;
			sourceTree = "<group>";
		};
		8CAE31962CADBC6300390481 /* Views */ = {
			isa = PBXGroup;
			children = (
				8CAE31972CADBCE800390481 /* RecipeCollectionViewCell.swift */,
				8CAE319B2CAE975900390481 /* RecipeListCollectionViewController.swift */,
				8CAE31A72CAEE83800390481 /* RecipeListCollectionViewController.xib */,
			);
			path = Views;
			sourceTree = "<group>";
		};
		8CAE31A92CAF2C2E00390481 /* Extensions */ = {
			isa = PBXGroup;
			children = (
				8CAE31AA2CAF2C4B00390481 /* UIViewController+Alert.swift */,
			);
			path = Extensions;
			sourceTree = "<group>";
		};
		8CAE31AC2CAFE13B00390481 /* ViewModels */ = {
			isa = PBXGroup;
			children = (
				8CAE31AD2CAFE14F00390481 /* RecipeCellViewModel.swift */,
				8CAE31AF2CAFE1CA00390481 /* RecipeListViewModel.swift */,
			);
			path = ViewModels;
			sourceTree = "<group>";
		};
		8CAE31B32CAFE25500390481 /* Models */ = {
			isa = PBXGroup;
			children = (
				8CAE31B62CAFE28D00390481 /* Hit.swift */,
				8CAE31BA2CAFE2E200390481 /* Links.swift */,
				8CAE31BC2CAFE2F300390481 /* Next.swift */,
				8CAE31B82CAFE2C600390481 /* Recipe.swift */,
				8CAE31B42CAFE27300390481 /* WebResponse.swift */,
			);
			path = Models;
			sourceTree = "<group>";
		};
/* End PBXGroup section */

/* Begin PBXNativeTarget section */
		8CAE31552CAD4A7000390481 /* EdamamRecipes */ = {
			isa = PBXNativeTarget;
			buildConfigurationList = 8CAE31802CAD4A7100390481 /* Build configuration list for PBXNativeTarget "EdamamRecipes" */;
			buildPhases = (
				8CAE31522CAD4A7000390481 /* Sources */,
				8CAE31532CAD4A7000390481 /* Frameworks */,
				8CAE31542CAD4A7000390481 /* Resources */,
			);
			buildRules = (
			);
			dependencies = (
			);
			name = EdamamRecipes;
			productName = EdamamRecipes;
			productReference = 8CAE31562CAD4A7000390481 /* EdamamRecipes.app */;
			productType = "com.apple.product-type.application";
		};
		8CAE316B2CAD4A7100390481 /* EdamamRecipesTests */ = {
			isa = PBXNativeTarget;
			buildConfigurationList = 8CAE31832CAD4A7100390481 /* Build configuration list for PBXNativeTarget "EdamamRecipesTests" */;
			buildPhases = (
				8CAE31682CAD4A7100390481 /* Sources */,
				8CAE31692CAD4A7100390481 /* Frameworks */,
				8CAE316A2CAD4A7100390481 /* Resources */,
			);
			buildRules = (
			);
			dependencies = (
				8CAE316E2CAD4A7100390481 /* PBXTargetDependency */,
			);
			name = EdamamRecipesTests;
			productName = EdamamRecipesTests;
			productReference = 8CAE316C2CAD4A7100390481 /* EdamamRecipesTests.xctest */;
			productType = "com.apple.product-type.bundle.unit-test";
		};
		8CAE31752CAD4A7100390481 /* EdamamRecipesUITests */ = {
			isa = PBXNativeTarget;
			buildConfigurationList = 8CAE31862CAD4A7100390481 /* Build configuration list for PBXNativeTarget "EdamamRecipesUITests" */;
			buildPhases = (
				8CAE31722CAD4A7100390481 /* Sources */,
				8CAE31732CAD4A7100390481 /* Frameworks */,
				8CAE31742CAD4A7100390481 /* Resources */,
			);
			buildRules = (
			);
			dependencies = (
				8CAE31782CAD4A7100390481 /* PBXTargetDependency */,
			);
			name = EdamamRecipesUITests;
			productName = EdamamRecipesUITests;
			productReference = 8CAE31762CAD4A7100390481 /* EdamamRecipesUITests.xctest */;
			productType = "com.apple.product-type.bundle.ui-testing";
		};
/* End PBXNativeTarget section */

/* Begin PBXProject section */
		8CAE314E2CAD4A7000390481 /* Project object */ = {
			isa = PBXProject;
			attributes = {
				BuildIndependentTargetsInParallel = 1;
				LastSwiftUpdateCheck = 1540;
				LastUpgradeCheck = 1540;
				TargetAttributes = {
					8CAE31552CAD4A7000390481 = {
						CreatedOnToolsVersion = 15.4;
					};
					8CAE316B2CAD4A7100390481 = {
						CreatedOnToolsVersion = 15.4;
						TestTargetID = 8CAE31552CAD4A7000390481;
					};
					8CAE31752CAD4A7100390481 = {
						CreatedOnToolsVersion = 15.4;
						TestTargetID = 8CAE31552CAD4A7000390481;
					};
				};
			};
			buildConfigurationList = 8CAE31512CAD4A7000390481 /* Build configuration list for PBXProject "EdamamRecipes" */;
			compatibilityVersion = "Xcode 14.0";
			developmentRegion = en;
			hasScannedForEncodings = 0;
			knownRegions = (
				en,
				Base,
			);
			mainGroup = 8CAE314D2CAD4A7000390481;
			productRefGroup = 8CAE31572CAD4A7000390481 /* Products */;
			projectDirPath = "";
			projectRoot = "";
			targets = (
				8CAE31552CAD4A7000390481 /* EdamamRecipes */,
				8CAE316B2CAD4A7100390481 /* EdamamRecipesTests */,
				8CAE31752CAD4A7100390481 /* EdamamRecipesUITests */,
			);
		};
/* End PBXProject section */

/* Begin PBXResourcesBuildPhase section */
		8CAE31542CAD4A7000390481 /* Resources */ = {
			isa = PBXResourcesBuildPhase;
			buildActionMask = 2147483647;
			files = (
				8CAE31632CAD4A7100390481 /* Assets.xcassets in Resources */,
				8CAE31662CAD4A7100390481 /* Base in Resources */,
				8CAE31A82CAEE83800390481 /* RecipeListCollectionViewController.xib in Resources */,
				8CAE31612CAD4A7000390481 /* Base in Resources */,
			);
			runOnlyForDeploymentPostprocessing = 0;
		};
		8CAE316A2CAD4A7100390481 /* Resources */ = {
			isa = PBXResourcesBuildPhase;
			buildActionMask = 2147483647;
			files = (
			);
			runOnlyForDeploymentPostprocessing = 0;
		};
		8CAE31742CAD4A7100390481 /* Resources */ = {
			isa = PBXResourcesBuildPhase;
			buildActionMask = 2147483647;
			files = (
			);
			runOnlyForDeploymentPostprocessing = 0;
		};
/* End PBXResourcesBuildPhase section */

/* Begin PBXSourcesBuildPhase section */
		8CAE31522CAD4A7000390481 /* Sources */ = {
			isa = PBXSourcesBuildPhase;
			buildActionMask = 2147483647;
			files = (
				8CAE319C2CAE975900390481 /* RecipeListCollectionViewController.swift in Sources */,
				8CAE31992CADBCE800390481 /* RecipeCollectionViewCell.swift in Sources */,
				8CAE318B2CAD786F00390481 /* Router.swift in Sources */,
				8CAE31952CADBA9F00390481 /* ImageDownloader.swift in Sources */,
				8CAE31AE2CAFE14F00390481 /* RecipeCellViewModel.swift in Sources */,
				8CAE31AB2CAF2C4B00390481 /* UIViewController+Alert.swift in Sources */,
				8CAE31BB2CAFE2E200390481 /* Links.swift in Sources */,
				8CAE31B72CAFE28D00390481 /* Hit.swift in Sources */,
				8CAE318F2CAD79CF00390481 /* APIClient.swift in Sources */,
				8CAE31BF2CAFE34000390481 /* Endpoint.swift in Sources */,
				8CC045E22CB2F4E300B6DF67 /* DiskImageCacher.swift in Sources */,
				8CAE31B92CAFE2C600390481 /* Recipe.swift in Sources */,
				8CAE31B02CAFE1CA00390481 /* RecipeListViewModel.swift in Sources */,
				8CAE31B52CAFE27300390481 /* WebResponse.swift in Sources */,
				8CAE315A2CAD4A7000390481 /* AppDelegate.swift in Sources */,
				8CAE31BD2CAFE2F300390481 /* Next.swift in Sources */,
				8CAE315C2CAD4A7000390481 /* SceneDelegate.swift in Sources */,
				8CAE31B22CAFE21A00390481 /* APIError.swift in Sources */,
			);
			runOnlyForDeploymentPostprocessing = 0;
		};
		8CAE31682CAD4A7100390481 /* Sources */ = {
			isa = PBXSourcesBuildPhase;
			buildActionMask = 2147483647;
			files = (
				8CAE31C62CAFE66600390481 /* MockURLSession.swift in Sources */,
				8CAE31C12CAFE5CF00390481 /* MockAPIClient.swift in Sources */,
				8CAE31C82CAFE6DD00390481 /* APIClientTests.swift in Sources */,
				8CAE31C32CAFE63C00390481 /* Endpoint.swift in Sources */,
				8CAE31C42CAFE64400390481 /* APIError.swift in Sources */,
				8CAE31C22CAFE63200390481 /* APIClient.swift in Sources */,
			);
			runOnlyForDeploymentPostprocessing = 0;
		};
		8CAE31722CAD4A7100390481 /* Sources */ = {
			isa = PBXSourcesBuildPhase;
			buildActionMask = 2147483647;
			files = (
				8CAE317B2CAD4A7100390481 /* EdamamRecipesUITests.swift in Sources */,
			);
			runOnlyForDeploymentPostprocessing = 0;
		};
/* End PBXSourcesBuildPhase section */

/* Begin PBXTargetDependency section */
		8CAE316E2CAD4A7100390481 /* PBXTargetDependency */ = {
			isa = PBXTargetDependency;
			target = 8CAE31552CAD4A7000390481 /* EdamamRecipes */;
			targetProxy = 8CAE316D2CAD4A7100390481 /* PBXContainerItemProxy */;
		};
		8CAE31782CAD4A7100390481 /* PBXTargetDependency */ = {
			isa = PBXTargetDependency;
			target = 8CAE31552CAD4A7000390481 /* EdamamRecipes */;
			targetProxy = 8CAE31772CAD4A7100390481 /* PBXContainerItemProxy */;
		};
/* End PBXTargetDependency section */

/* Begin PBXVariantGroup section */
		8CAE315F2CAD4A7000390481 /* Main.storyboard */ = {
			isa = PBXVariantGroup;
			children = (
				8CAE31602CAD4A7000390481 /* Base */,
			);
			name = Main.storyboard;
			sourceTree = "<group>";
		};
		8CAE31642CAD4A7100390481 /* LaunchScreen.storyboard */ = {
			isa = PBXVariantGroup;
			children = (
				8CAE31652CAD4A7100390481 /* Base */,
			);
			name = LaunchScreen.storyboard;
			sourceTree = "<group>";
		};
/* End PBXVariantGroup section */

/* Begin XCBuildConfiguration section */
		8CAE317E2CAD4A7100390481 /* Debug */ = {
			isa = XCBuildConfiguration;
			buildSettings = {
				ALWAYS_SEARCH_USER_PATHS = NO;
				ASSETCATALOG_COMPILER_GENERATE_SWIFT_ASSET_SYMBOL_EXTENSIONS = YES;
				CLANG_ANALYZER_NONNULL = YES;
				CLANG_ANALYZER_NUMBER_OBJECT_CONVERSION = YES_AGGRESSIVE;
				CLANG_CXX_LANGUAGE_STANDARD = "gnu++20";
				CLANG_ENABLE_MODULES = YES;
				CLANG_ENABLE_OBJC_ARC = YES;
				CLANG_ENABLE_OBJC_WEAK = YES;
				CLANG_WARN_BLOCK_CAPTURE_AUTORELEASING = YES;
				CLANG_WARN_BOOL_CONVERSION = YES;
				CLANG_WARN_COMMA = YES;
				CLANG_WARN_CONSTANT_CONVERSION = YES;
				CLANG_WARN_DEPRECATED_OBJC_IMPLEMENTATIONS = YES;
				CLANG_WARN_DIRECT_OBJC_ISA_USAGE = YES_ERROR;
				CLANG_WARN_DOCUMENTATION_COMMENTS = YES;
				CLANG_WARN_EMPTY_BODY = YES;
				CLANG_WARN_ENUM_CONVERSION = YES;
				CLANG_WARN_INFINITE_RECURSION = YES;
				CLANG_WARN_INT_CONVERSION = YES;
				CLANG_WARN_NON_LITERAL_NULL_CONVERSION = YES;
				CLANG_WARN_OBJC_IMPLICIT_RETAIN_SELF = YES;
				CLANG_WARN_OBJC_LITERAL_CONVERSION = YES;
				CLANG_WARN_OBJC_ROOT_CLASS = YES_ERROR;
				CLANG_WARN_QUOTED_INCLUDE_IN_FRAMEWORK_HEADER = YES;
				CLANG_WARN_RANGE_LOOP_ANALYSIS = YES;
				CLANG_WARN_STRICT_PROTOTYPES = YES;
				CLANG_WARN_SUSPICIOUS_MOVE = YES;
				CLANG_WARN_UNGUARDED_AVAILABILITY = YES_AGGRESSIVE;
				CLANG_WARN_UNREACHABLE_CODE = YES;
				CLANG_WARN__DUPLICATE_METHOD_MATCH = YES;
				COPY_PHASE_STRIP = NO;
				DEBUG_INFORMATION_FORMAT = dwarf;
				ENABLE_STRICT_OBJC_MSGSEND = YES;
				ENABLE_TESTABILITY = YES;
				ENABLE_USER_SCRIPT_SANDBOXING = YES;
				GCC_C_LANGUAGE_STANDARD = gnu17;
				GCC_DYNAMIC_NO_PIC = NO;
				GCC_NO_COMMON_BLOCKS = YES;
				GCC_OPTIMIZATION_LEVEL = 0;
				GCC_PREPROCESSOR_DEFINITIONS = (
					"DEBUG=1",
					"$(inherited)",
				);
				GCC_WARN_64_TO_32_BIT_CONVERSION = YES;
				GCC_WARN_ABOUT_RETURN_TYPE = YES_ERROR;
				GCC_WARN_UNDECLARED_SELECTOR = YES;
				GCC_WARN_UNINITIALIZED_AUTOS = YES_AGGRESSIVE;
				GCC_WARN_UNUSED_FUNCTION = YES;
				GCC_WARN_UNUSED_VARIABLE = YES;
				IPHONEOS_DEPLOYMENT_TARGET = 13.0;
				LOCALIZATION_PREFERS_STRING_CATALOGS = YES;
				MTL_ENABLE_DEBUG_INFO = INCLUDE_SOURCE;
				MTL_FAST_MATH = YES;
				ONLY_ACTIVE_ARCH = YES;
				SDKROOT = iphoneos;
				SWIFT_ACTIVE_COMPILATION_CONDITIONS = "DEBUG $(inherited)";
				SWIFT_OPTIMIZATION_LEVEL = "-Onone";
			};
			name = Debug;
		};
		8CAE317F2CAD4A7100390481 /* Release */ = {
			isa = XCBuildConfiguration;
			buildSettings = {
				ALWAYS_SEARCH_USER_PATHS = NO;
				ASSETCATALOG_COMPILER_GENERATE_SWIFT_ASSET_SYMBOL_EXTENSIONS = YES;
				CLANG_ANALYZER_NONNULL = YES;
				CLANG_ANALYZER_NUMBER_OBJECT_CONVERSION = YES_AGGRESSIVE;
				CLANG_CXX_LANGUAGE_STANDARD = "gnu++20";
				CLANG_ENABLE_MODULES = YES;
				CLANG_ENABLE_OBJC_ARC = YES;
				CLANG_ENABLE_OBJC_WEAK = YES;
				CLANG_WARN_BLOCK_CAPTURE_AUTORELEASING = YES;
				CLANG_WARN_BOOL_CONVERSION = YES;
				CLANG_WARN_COMMA = YES;
				CLANG_WARN_CONSTANT_CONVERSION = YES;
				CLANG_WARN_DEPRECATED_OBJC_IMPLEMENTATIONS = YES;
				CLANG_WARN_DIRECT_OBJC_ISA_USAGE = YES_ERROR;
				CLANG_WARN_DOCUMENTATION_COMMENTS = YES;
				CLANG_WARN_EMPTY_BODY = YES;
				CLANG_WARN_ENUM_CONVERSION = YES;
				CLANG_WARN_INFINITE_RECURSION = YES;
				CLANG_WARN_INT_CONVERSION = YES;
				CLANG_WARN_NON_LITERAL_NULL_CONVERSION = YES;
				CLANG_WARN_OBJC_IMPLICIT_RETAIN_SELF = YES;
				CLANG_WARN_OBJC_LITERAL_CONVERSION = YES;
				CLANG_WARN_OBJC_ROOT_CLASS = YES_ERROR;
				CLANG_WARN_QUOTED_INCLUDE_IN_FRAMEWORK_HEADER = YES;
				CLANG_WARN_RANGE_LOOP_ANALYSIS = YES;
				CLANG_WARN_STRICT_PROTOTYPES = YES;
				CLANG_WARN_SUSPICIOUS_MOVE = YES;
				CLANG_WARN_UNGUARDED_AVAILABILITY = YES_AGGRESSIVE;
				CLANG_WARN_UNREACHABLE_CODE = YES;
				CLANG_WARN__DUPLICATE_METHOD_MATCH = YES;
				COPY_PHASE_STRIP = NO;
				DEBUG_INFORMATION_FORMAT = "dwarf-with-dsym";
				ENABLE_NS_ASSERTIONS = NO;
				ENABLE_STRICT_OBJC_MSGSEND = YES;
				ENABLE_USER_SCRIPT_SANDBOXING = YES;
				GCC_C_LANGUAGE_STANDARD = gnu17;
				GCC_NO_COMMON_BLOCKS = YES;
				GCC_WARN_64_TO_32_BIT_CONVERSION = YES;
				GCC_WARN_ABOUT_RETURN_TYPE = YES_ERROR;
				GCC_WARN_UNDECLARED_SELECTOR = YES;
				GCC_WARN_UNINITIALIZED_AUTOS = YES_AGGRESSIVE;
				GCC_WARN_UNUSED_FUNCTION = YES;
				GCC_WARN_UNUSED_VARIABLE = YES;
				IPHONEOS_DEPLOYMENT_TARGET = 13.0;
				LOCALIZATION_PREFERS_STRING_CATALOGS = YES;
				MTL_ENABLE_DEBUG_INFO = NO;
				MTL_FAST_MATH = YES;
				SDKROOT = iphoneos;
				SWIFT_COMPILATION_MODE = wholemodule;
				VALIDATE_PRODUCT = YES;
			};
			name = Release;
		};
		8CAE31812CAD4A7100390481 /* Debug */ = {
			isa = XCBuildConfiguration;
			buildSettings = {
				ASSETCATALOG_COMPILER_APPICON_NAME = AppIcon;
				ASSETCATALOG_COMPILER_GLOBAL_ACCENT_COLOR_NAME = AccentColor;
				CODE_SIGN_STYLE = Automatic;
				CURRENT_PROJECT_VERSION = 1;
				DEVELOPMENT_TEAM = G48PNQW3MM;
				GENERATE_INFOPLIST_FILE = YES;
				INFOPLIST_FILE = EdamamRecipes/Info.plist;
				INFOPLIST_KEY_UIApplicationSupportsIndirectInputEvents = YES;
				INFOPLIST_KEY_UILaunchStoryboardName = LaunchScreen;
				INFOPLIST_KEY_UIMainStoryboardFile = Main;
				INFOPLIST_KEY_UISupportedInterfaceOrientations_iPad = "UIInterfaceOrientationPortrait UIInterfaceOrientationPortraitUpsideDown UIInterfaceOrientationLandscapeLeft UIInterfaceOrientationLandscapeRight";
				INFOPLIST_KEY_UISupportedInterfaceOrientations_iPhone = "UIInterfaceOrientationPortrait UIInterfaceOrientationLandscapeLeft UIInterfaceOrientationLandscapeRight";
				IPHONEOS_DEPLOYMENT_TARGET = 13.0;
				LD_RUNPATH_SEARCH_PATHS = (
					"$(inherited)",
					"@executable_path/Frameworks",
				);
				MARKETING_VERSION = 1.0;
				PRODUCT_BUNDLE_IDENTIFIER = com.EdamamRecipes;
				PRODUCT_NAME = "$(TARGET_NAME)";
				SWIFT_EMIT_LOC_STRINGS = YES;
				SWIFT_VERSION = 5.0;
				TARGETED_DEVICE_FAMILY = "1,2";
			};
			name = Debug;
		};
		8CAE31822CAD4A7100390481 /* Release */ = {
			isa = XCBuildConfiguration;
			buildSettings = {
				ASSETCATALOG_COMPILER_APPICON_NAME = AppIcon;
				ASSETCATALOG_COMPILER_GLOBAL_ACCENT_COLOR_NAME = AccentColor;
				CODE_SIGN_STYLE = Automatic;
				CURRENT_PROJECT_VERSION = 1;
				DEVELOPMENT_TEAM = G48PNQW3MM;
				GENERATE_INFOPLIST_FILE = YES;
				INFOPLIST_FILE = EdamamRecipes/Info.plist;
				INFOPLIST_KEY_UIApplicationSupportsIndirectInputEvents = YES;
				INFOPLIST_KEY_UILaunchStoryboardName = LaunchScreen;
				INFOPLIST_KEY_UIMainStoryboardFile = Main;
				INFOPLIST_KEY_UISupportedInterfaceOrientations_iPad = "UIInterfaceOrientationPortrait UIInterfaceOrientationPortraitUpsideDown UIInterfaceOrientationLandscapeLeft UIInterfaceOrientationLandscapeRight";
				INFOPLIST_KEY_UISupportedInterfaceOrientations_iPhone = "UIInterfaceOrientationPortrait UIInterfaceOrientationLandscapeLeft UIInterfaceOrientationLandscapeRight";
				IPHONEOS_DEPLOYMENT_TARGET = 13.0;
				LD_RUNPATH_SEARCH_PATHS = (
					"$(inherited)",
					"@executable_path/Frameworks",
				);
				MARKETING_VERSION = 1.0;
				PRODUCT_BUNDLE_IDENTIFIER = com.EdamamRecipes;
				PRODUCT_NAME = "$(TARGET_NAME)";
				SWIFT_EMIT_LOC_STRINGS = YES;
				SWIFT_VERSION = 5.0;
				TARGETED_DEVICE_FAMILY = "1,2";
			};
			name = Release;
		};
		8CAE31842CAD4A7100390481 /* Debug */ = {
			isa = XCBuildConfiguration;
			buildSettings = {
				ALWAYS_EMBED_SWIFT_STANDARD_LIBRARIES = YES;
				BUNDLE_LOADER = "$(TEST_HOST)";
				CODE_SIGN_STYLE = Automatic;
				CURRENT_PROJECT_VERSION = 1;
				DEVELOPMENT_TEAM = G48PNQW3MM;
				GENERATE_INFOPLIST_FILE = YES;
				IPHONEOS_DEPLOYMENT_TARGET = 17.5;
				MARKETING_VERSION = 1.0;
				PRODUCT_BUNDLE_IDENTIFIER = com.EdamamRecipesTests;
				PRODUCT_NAME = "$(TARGET_NAME)";
				SWIFT_EMIT_LOC_STRINGS = NO;
				SWIFT_VERSION = 5.0;
				TARGETED_DEVICE_FAMILY = "1,2";
				TEST_HOST = "$(BUILT_PRODUCTS_DIR)/EdamamRecipes.app/$(BUNDLE_EXECUTABLE_FOLDER_PATH)/EdamamRecipes";
			};
			name = Debug;
		};
		8CAE31852CAD4A7100390481 /* Release */ = {
			isa = XCBuildConfiguration;
			buildSettings = {
				ALWAYS_EMBED_SWIFT_STANDARD_LIBRARIES = YES;
				BUNDLE_LOADER = "$(TEST_HOST)";
				CODE_SIGN_STYLE = Automatic;
				CURRENT_PROJECT_VERSION = 1;
				DEVELOPMENT_TEAM = G48PNQW3MM;
				GENERATE_INFOPLIST_FILE = YES;
				IPHONEOS_DEPLOYMENT_TARGET = 17.5;
				MARKETING_VERSION = 1.0;
				PRODUCT_BUNDLE_IDENTIFIER = com.EdamamRecipesTests;
				PRODUCT_NAME = "$(TARGET_NAME)";
				SWIFT_EMIT_LOC_STRINGS = NO;
				SWIFT_VERSION = 5.0;
				TARGETED_DEVICE_FAMILY = "1,2";
				TEST_HOST = "$(BUILT_PRODUCTS_DIR)/EdamamRecipes.app/$(BUNDLE_EXECUTABLE_FOLDER_PATH)/EdamamRecipes";
			};
			name = Release;
		};
		8CAE31872CAD4A7100390481 /* Debug */ = {
			isa = XCBuildConfiguration;
			buildSettings = {
				ALWAYS_EMBED_SWIFT_STANDARD_LIBRARIES = YES;
				CODE_SIGN_STYLE = Automatic;
				CURRENT_PROJECT_VERSION = 1;
				DEVELOPMENT_TEAM = G48PNQW3MM;
				GENERATE_INFOPLIST_FILE = YES;
				MARKETING_VERSION = 1.0;
				PRODUCT_BUNDLE_IDENTIFIER = com.EdamamRecipesUITests;
				PRODUCT_NAME = "$(TARGET_NAME)";
				SWIFT_EMIT_LOC_STRINGS = NO;
				SWIFT_VERSION = 5.0;
				TARGETED_DEVICE_FAMILY = "1,2";
				TEST_TARGET_NAME = EdamamRecipes;
			};
			name = Debug;
		};
		8CAE31882CAD4A7100390481 /* Release */ = {
			isa = XCBuildConfiguration;
			buildSettings = {
				ALWAYS_EMBED_SWIFT_STANDARD_LIBRARIES = YES;
				CODE_SIGN_STYLE = Automatic;
				CURRENT_PROJECT_VERSION = 1;
				DEVELOPMENT_TEAM = G48PNQW3MM;
				GENERATE_INFOPLIST_FILE = YES;
				MARKETING_VERSION = 1.0;
				PRODUCT_BUNDLE_IDENTIFIER = com.EdamamRecipesUITests;
				PRODUCT_NAME = "$(TARGET_NAME)";
				SWIFT_EMIT_LOC_STRINGS = NO;
				SWIFT_VERSION = 5.0;
				TARGETED_DEVICE_FAMILY = "1,2";
				TEST_TARGET_NAME = EdamamRecipes;
			};
			name = Release;
		};
/* End XCBuildConfiguration section */

/* Begin XCConfigurationList section */
		8CAE31512CAD4A7000390481 /* Build configuration list for PBXProject "EdamamRecipes" */ = {
			isa = XCConfigurationList;
			buildConfigurations = (
				8CAE317E2CAD4A7100390481 /* Debug */,
				8CAE317F2CAD4A7100390481 /* Release */,
			);
			defaultConfigurationIsVisible = 0;
			defaultConfigurationName = Release;
		};
		8CAE31802CAD4A7100390481 /* Build configuration list for PBXNativeTarget "EdamamRecipes" */ = {
			isa = XCConfigurationList;
			buildConfigurations = (
				8CAE31812CAD4A7100390481 /* Debug */,
				8CAE31822CAD4A7100390481 /* Release */,
			);
			defaultConfigurationIsVisible = 0;
			defaultConfigurationName = Release;
		};
		8CAE31832CAD4A7100390481 /* Build configuration list for PBXNativeTarget "EdamamRecipesTests" */ = {
			isa = XCConfigurationList;
			buildConfigurations = (
				8CAE31842CAD4A7100390481 /* Debug */,
				8CAE31852CAD4A7100390481 /* Release */,
			);
			defaultConfigurationIsVisible = 0;
			defaultConfigurationName = Release;
		};
		8CAE31862CAD4A7100390481 /* Build configuration list for PBXNativeTarget "EdamamRecipesUITests" */ = {
			isa = XCConfigurationList;
			buildConfigurations = (
				8CAE31872CAD4A7100390481 /* Debug */,
				8CAE31882CAD4A7100390481 /* Release */,
			);
			defaultConfigurationIsVisible = 0;
			defaultConfigurationName = Release;
		};
/* End XCConfigurationList section */
	};
	rootObject = 8CAE314E2CAD4A7000390481 /* Project object */;
}
